<Solution>
  <Project Path="NuvPizza.API/NuvPizza.API.csproj" />
  <Project Path="NuvPizza.Application/NuvPizza.Application.csproj" />
  <Project Path="NuvPizza.Domain/NuvPizza.Domain.csproj" />
  <Project Path="NuvPizza.Infrastructure/NuvPizza.Infrastructure.csproj" />
  <Project Path="NuvPizza.Tests/NuvPizza.Tests.csproj" />
</Solution>
